# This file is automatically @generated by Cargo.
# It is not intended for manual editing.
version = 4

[[package]]
name = "battletris-client"
version = "0.1.0"

[[package]]
name = "battletris-core"
version = "0.1.0"

[[package]]
name = "battletris-db"
version = "0.1.0"

[[package]]
name = "battletris-protocol"
version = "0.1.0"

[[package]]
name = "battletris-server"
version = "0.1.0"

[[package]]
name = "battletris-tools"
version = "0.1.0"
